// !$*UTF8*$!
{
	archiveVersion = 1;
	classes = {
	};
	objectVersion = 55;
	objects = {

/* Begin PBXBuildFile section */
		D90EB1332905A6BA0035F552 /* RatingView.swift in Sources */ = {isa = PBXBuildFile; fileRef = D90EB1322905A6BA0035F552 /* RatingView.swift */; };
		D90EB1352905A6EA0035F552 /* starview.swift in Sources */ = {isa = PBXBuildFile; fileRef = D90EB1342905A6EA0035F552 /* starview.swift */; };
		D9C6B3922904D2B900133CF2 /* GoogleSignIn in Frameworks */ = {isa = PBXBuildFile; productRef = D9C6B3912904D2B900133CF2 /* GoogleSignIn */; };
		D9C6B3942904D2B900133CF2 /* GoogleSignInSwift in Frameworks */ = {isa = PBXBuildFile; productRef = D9C6B3932904D2B900133CF2 /* GoogleSignInSwift */; };
		D9C6B3A32905239E00133CF2 /* GoogleService-Info.plist in Resources */ = {isa = PBXBuildFile; fileRef = D9C6B3A22905239E00133CF2 /* GoogleService-Info.plist */; };
		D9C6B3A4290525F700133CF2 /* LogIn.swift in Sources */ = {isa = PBXBuildFile; fileRef = D9C6B38E2904CE6900133CF2 /* LogIn.swift */; };
		F609C80129047B3A00CF4E0A /* Connect2VoteApp.swift in Sources */ = {isa = PBXBuildFile; fileRef = F609C80029047B3A00CF4E0A /* Connect2VoteApp.swift */; };
		F609C80529047B3D00CF4E0A /* Assets.xcassets in Resources */ = {isa = PBXBuildFile; fileRef = F609C80429047B3D00CF4E0A /* Assets.xcassets */; };
		F609C80829047B3D00CF4E0A /* Preview Assets.xcassets in Resources */ = {isa = PBXBuildFile; fileRef = F609C80729047B3D00CF4E0A /* Preview Assets.xcassets */; };
		F609C8122904817F00CF4E0A /* FirebaseAnalytics in Frameworks */ = {isa = PBXBuildFile; productRef = F609C8112904817F00CF4E0A /* FirebaseAnalytics */; };
		F609C8142904817F00CF4E0A /* FirebaseAnalyticsSwift in Frameworks */ = {isa = PBXBuildFile; productRef = F609C8132904817F00CF4E0A /* FirebaseAnalyticsSwift */; };
		F609C8162904817F00CF4E0A /* FirebaseAuth in Frameworks */ = {isa = PBXBuildFile; productRef = F609C8152904817F00CF4E0A /* FirebaseAuth */; };
		F609C8182904817F00CF4E0A /* FirebaseAuthCombine-Community in Frameworks */ = {isa = PBXBuildFile; productRef = F609C8172904817F00CF4E0A /* FirebaseAuthCombine-Community */; };
		F609C81A2904817F00CF4E0A /* FirebaseFirestore in Frameworks */ = {isa = PBXBuildFile; productRef = F609C8192904817F00CF4E0A /* FirebaseFirestore */; };
		F62294242904CE6D0049C38A /* Sign_Up_View.swift in Sources */ = {isa = PBXBuildFile; fileRef = F62294232904CE6D0049C38A /* Sign_Up_View.swift */; };
		F62294272904DE700049C38A /* RideScheduleView.swift in Sources */ = {isa = PBXBuildFile; fileRef = F62294262904DE700049C38A /* RideScheduleView.swift */; };
		F62294292904ED750049C38A /* OrgChoiceView.swift in Sources */ = {isa = PBXBuildFile; fileRef = F62294282904ED740049C38A /* OrgChoiceView.swift */; };
		F677412029057C1300F780DA /* ConfirmationView.swift in Sources */ = {isa = PBXBuildFile; fileRef = F677411F29057C1300F780DA /* ConfirmationView.swift */; };
		F67FBAA02904C88E00FFEBEB /* ParentView.swift in Sources */ = {isa = PBXBuildFile; fileRef = F67FBA9F2904C88E00FFEBEB /* ParentView.swift */; };
		F67FBAA22904C8D200FFEBEB /* ViewRouter.swift in Sources */ = {isa = PBXBuildFile; fileRef = F67FBAA12904C8D200FFEBEB /* ViewRouter.swift */; };
/* End PBXBuildFile section */

/* Begin PBXFileReference section */
		D90EB1322905A6BA0035F552 /* RatingView.swift */ = {isa = PBXFileReference; lastKnownFileType = sourcecode.swift; path = RatingView.swift; sourceTree = "<group>"; };
		D90EB1342905A6EA0035F552 /* starview.swift */ = {isa = PBXFileReference; lastKnownFileType = sourcecode.swift; path = starview.swift; sourceTree = "<group>"; };
		D9C6B38E2904CE6900133CF2 /* LogIn.swift */ = {isa = PBXFileReference; lastKnownFileType = sourcecode.swift; path = LogIn.swift; sourceTree = "<group>"; };
		D9C6B3A22905239E00133CF2 /* GoogleService-Info.plist */ = {isa = PBXFileReference; fileEncoding = 4; lastKnownFileType = text.plist.xml; path = "GoogleService-Info.plist"; sourceTree = "<group>"; };
		F609C7FD29047B3A00CF4E0A /* Connect2Vote.app */ = {isa = PBXFileReference; explicitFileType = wrapper.application; includeInIndex = 0; path = Connect2Vote.app; sourceTree = BUILT_PRODUCTS_DIR; };
		F609C80029047B3A00CF4E0A /* Connect2VoteApp.swift */ = {isa = PBXFileReference; lastKnownFileType = sourcecode.swift; path = Connect2VoteApp.swift; sourceTree = "<group>"; };
		F609C80429047B3D00CF4E0A /* Assets.xcassets */ = {isa = PBXFileReference; lastKnownFileType = folder.assetcatalog; path = Assets.xcassets; sourceTree = "<group>"; };
		F609C80729047B3D00CF4E0A /* Preview Assets.xcassets */ = {isa = PBXFileReference; lastKnownFileType = folder.assetcatalog; path = "Preview Assets.xcassets"; sourceTree = "<group>"; };
		F62294232904CE6D0049C38A /* Sign_Up_View.swift */ = {isa = PBXFileReference; lastKnownFileType = sourcecode.swift; path = Sign_Up_View.swift; sourceTree = "<group>"; };
		F62294262904DE700049C38A /* RideScheduleView.swift */ = {isa = PBXFileReference; lastKnownFileType = sourcecode.swift; path = RideScheduleView.swift; sourceTree = "<group>"; };
		F62294282904ED740049C38A /* OrgChoiceView.swift */ = {isa = PBXFileReference; lastKnownFileType = sourcecode.swift; path = OrgChoiceView.swift; sourceTree = "<group>"; };
		F677411F29057C1300F780DA /* ConfirmationView.swift */ = {isa = PBXFileReference; lastKnownFileType = sourcecode.swift; path = ConfirmationView.swift; sourceTree = "<group>"; };
		F67FBA9F2904C88E00FFEBEB /* ParentView.swift */ = {isa = PBXFileReference; lastKnownFileType = sourcecode.swift; path = ParentView.swift; sourceTree = "<group>"; };
		F67FBAA12904C8D200FFEBEB /* ViewRouter.swift */ = {isa = PBXFileReference; lastKnownFileType = sourcecode.swift; path = ViewRouter.swift; sourceTree = "<group>"; };
/* End PBXFileReference section */

/* Begin PBXFrameworksBuildPhase section */
		F609C7FA29047B3A00CF4E0A /* Frameworks */ = {
			isa = PBXFrameworksBuildPhase;
			buildActionMask = 2147483647;
			files = (
				F609C8142904817F00CF4E0A /* FirebaseAnalyticsSwift in Frameworks */,
				F609C8162904817F00CF4E0A /* FirebaseAuth in Frameworks */,
				D9C6B3942904D2B900133CF2 /* GoogleSignInSwift in Frameworks */,
				F609C8122904817F00CF4E0A /* FirebaseAnalytics in Frameworks */,
				F609C81A2904817F00CF4E0A /* FirebaseFirestore in Frameworks */,
				F609C8182904817F00CF4E0A /* FirebaseAuthCombine-Community in Frameworks */,
				D9C6B3922904D2B900133CF2 /* GoogleSignIn in Frameworks */,
			);
			runOnlyForDeploymentPostprocessing = 0;
		};
/* End PBXFrameworksBuildPhase section */

/* Begin PBXGroup section */
		F609C7F429047B3A00CF4E0A = {
			isa = PBXGroup;
			children = (
				F609C7FF29047B3A00CF4E0A /* Connect2Vote */,
				F609C7FE29047B3A00CF4E0A /* Products */,
			);
			sourceTree = "<group>";
		};
		F609C7FE29047B3A00CF4E0A /* Products */ = {
			isa = PBXGroup;
			children = (
				F609C7FD29047B3A00CF4E0A /* Connect2Vote.app */,
			);
			name = Products;
			sourceTree = "<group>";
		};
		F609C7FF29047B3A00CF4E0A /* Connect2Vote */ = {
			isa = PBXGroup;
			children = (
				D9C6B3A22905239E00133CF2 /* GoogleService-Info.plist */,
				F609C80029047B3A00CF4E0A /* Connect2VoteApp.swift */,
				F67FBAA12904C8D200FFEBEB /* ViewRouter.swift */,
				F609C80429047B3D00CF4E0A /* Assets.xcassets */,
				F62294222904CD7E0049C38A /* Views */,
				F609C80629047B3D00CF4E0A /* Preview Content */,
			);
			path = Connect2Vote;
			sourceTree = "<group>";
		};
		F609C80629047B3D00CF4E0A /* Preview Content */ = {
			isa = PBXGroup;
			children = (
				F609C80729047B3D00CF4E0A /* Preview Assets.xcassets */,
			);
			path = "Preview Content";
			sourceTree = "<group>";
		};
		F62294222904CD7E0049C38A /* Views */ = {
			isa = PBXGroup;
			children = (
				F67FBA9F2904C88E00FFEBEB /* ParentView.swift */,
				F62294262904DE700049C38A /* RideScheduleView.swift */,
				F62294232904CE6D0049C38A /* Sign_Up_View.swift */,
				F62294282904ED740049C38A /* OrgChoiceView.swift */,
				D9C6B38E2904CE6900133CF2 /* LogIn.swift */,
				F677411F29057C1300F780DA /* ConfirmationView.swift */,
				D90EB1322905A6BA0035F552 /* RatingView.swift */,
				D90EB1342905A6EA0035F552 /* starview.swift */,
			);
			path = Views;
			sourceTree = "<group>";
		};
/* End PBXGroup section */

/* Begin PBXNativeTarget section */
		F609C7FC29047B3A00CF4E0A /* Connect2Vote */ = {
			isa = PBXNativeTarget;
			buildConfigurationList = F609C80B29047B3D00CF4E0A /* Build configuration list for PBXNativeTarget "Connect2Vote" */;
			buildPhases = (
				F609C7F929047B3A00CF4E0A /* Sources */,
				F609C7FA29047B3A00CF4E0A /* Frameworks */,
				F609C7FB29047B3A00CF4E0A /* Resources */,
			);
			buildRules = (
			);
			dependencies = (
			);
			name = Connect2Vote;
			packageProductDependencies = (
				F609C8112904817F00CF4E0A /* FirebaseAnalytics */,
				F609C8132904817F00CF4E0A /* FirebaseAnalyticsSwift */,
				F609C8152904817F00CF4E0A /* FirebaseAuth */,
				F609C8172904817F00CF4E0A /* FirebaseAuthCombine-Community */,
				F609C8192904817F00CF4E0A /* FirebaseFirestore */,
				D9C6B3912904D2B900133CF2 /* GoogleSignIn */,
				D9C6B3932904D2B900133CF2 /* GoogleSignInSwift */,
			);
			productName = Connect2Vote;
			productReference = F609C7FD29047B3A00CF4E0A /* Connect2Vote.app */;
			productType = "com.apple.product-type.application";
		};
/* End PBXNativeTarget section */

/* Begin PBXProject section */
		F609C7F529047B3A00CF4E0A /* Project object */ = {
			isa = PBXProject;
			attributes = {
				BuildIndependentTargetsInParallel = 1;
				LastSwiftUpdateCheck = 1340;
				LastUpgradeCheck = 1340;
				TargetAttributes = {
					F609C7FC29047B3A00CF4E0A = {
						CreatedOnToolsVersion = 13.4.1;
					};
				};
			};
			buildConfigurationList = F609C7F829047B3A00CF4E0A /* Build configuration list for PBXProject "Connect2Vote" */;
			compatibilityVersion = "Xcode 13.0";
			developmentRegion = en;
			hasScannedForEncodings = 0;
			knownRegions = (
				en,
				Base,
			);
			mainGroup = F609C7F429047B3A00CF4E0A;
			packageReferences = (
				F609C8102904817E00CF4E0A /* XCRemoteSwiftPackageReference "firebase-ios-sdk" */,
				D9C6B3902904D2B900133CF2 /* XCRemoteSwiftPackageReference "GoogleSignIn-iOS" */,
			);
			productRefGroup = F609C7FE29047B3A00CF4E0A /* Products */;
			projectDirPath = "";
			projectRoot = "";
			targets = (
				F609C7FC29047B3A00CF4E0A /* Connect2Vote */,
			);
		};
/* End PBXProject section */

/* Begin PBXResourcesBuildPhase section */
		F609C7FB29047B3A00CF4E0A /* Resources */ = {
			isa = PBXResourcesBuildPhase;
			buildActionMask = 2147483647;
			files = (
				F609C80829047B3D00CF4E0A /* Preview Assets.xcassets in Resources */,
				F609C80529047B3D00CF4E0A /* Assets.xcassets in Resources */,
				D9C6B3A32905239E00133CF2 /* GoogleService-Info.plist in Resources */,
			);
			runOnlyForDeploymentPostprocessing = 0;
		};
/* End PBXResourcesBuildPhase section */

/* Begin PBXSourcesBuildPhase section */
		F609C7F929047B3A00CF4E0A /* Sources */ = {
			isa = PBXSourcesBuildPhase;
			buildActionMask = 2147483647;
			files = (
				F62294242904CE6D0049C38A /* Sign_Up_View.swift in Sources */,
				F67FBAA02904C88E00FFEBEB /* ParentView.swift in Sources */,
				F609C80129047B3A00CF4E0A /* Connect2VoteApp.swift in Sources */,
				D90EB1332905A6BA0035F552 /* RatingView.swift in Sources */,
				D9C6B3A4290525F700133CF2 /* LogIn.swift in Sources */,
				F67FBAA22904C8D200FFEBEB /* ViewRouter.swift in Sources */,
				D90EB1352905A6EA0035F552 /* starview.swift in Sources */,
				F677412029057C1300F780DA /* ConfirmationView.swift in Sources */,
				F62294272904DE700049C38A /* RideScheduleView.swift in Sources */,
				F62294292904ED750049C38A /* OrgChoiceView.swift in Sources */,
			);
			runOnlyForDeploymentPostprocessing = 0;
		};
/* End PBXSourcesBuildPhase section */

/* Begin XCBuildConfiguration section */
		F609C80929047B3D00CF4E0A /* Debug */ = {
			isa = XCBuildConfiguration;
			buildSettings = {
				ALWAYS_SEARCH_USER_PATHS = NO;
				CLANG_ANALYZER_NONNULL = YES;
				CLANG_ANALYZER_NUMBER_OBJECT_CONVERSION = YES_AGGRESSIVE;
				CLANG_CXX_LANGUAGE_STANDARD = "gnu++17";
				CLANG_ENABLE_MODULES = YES;
				CLANG_ENABLE_OBJC_ARC = YES;
				CLANG_ENABLE_OBJC_WEAK = YES;
				CLANG_WARN_BLOCK_CAPTURE_AUTORELEASING = YES;
				CLANG_WARN_BOOL_CONVERSION = YES;
				CLANG_WARN_COMMA = YES;
				CLANG_WARN_CONSTANT_CONVERSION = YES;
				CLANG_WARN_DEPRECATED_OBJC_IMPLEMENTATIONS = YES;
				CLANG_WARN_DIRECT_OBJC_ISA_USAGE = YES_ERROR;
				CLANG_WARN_DOCUMENTATION_COMMENTS = YES;
				CLANG_WARN_EMPTY_BODY = YES;
				CLANG_WARN_ENUM_CONVERSION = YES;
				CLANG_WARN_INFINITE_RECURSION = YES;
				CLANG_WARN_INT_CONVERSION = YES;
				CLANG_WARN_NON_LITERAL_NULL_CONVERSION = YES;
				CLANG_WARN_OBJC_IMPLICIT_RETAIN_SELF = YES;
				CLANG_WARN_OBJC_LITERAL_CONVERSION = YES;
				CLANG_WARN_OBJC_ROOT_CLASS = YES_ERROR;
				CLANG_WARN_QUOTED_INCLUDE_IN_FRAMEWORK_HEADER = YES;
				CLANG_WARN_RANGE_LOOP_ANALYSIS = YES;
				CLANG_WARN_STRICT_PROTOTYPES = YES;
				CLANG_WARN_SUSPICIOUS_MOVE = YES;
				CLANG_WARN_UNGUARDED_AVAILABILITY = YES_AGGRESSIVE;
				CLANG_WARN_UNREACHABLE_CODE = YES;
				CLANG_WARN__DUPLICATE_METHOD_MATCH = YES;
				COPY_PHASE_STRIP = NO;
				DEBUG_INFORMATION_FORMAT = dwarf;
				ENABLE_STRICT_OBJC_MSGSEND = YES;
				ENABLE_TESTABILITY = YES;
				GCC_C_LANGUAGE_STANDARD = gnu11;
				GCC_DYNAMIC_NO_PIC = NO;
				GCC_NO_COMMON_BLOCKS = YES;
				GCC_OPTIMIZATION_LEVEL = 0;
				GCC_PREPROCESSOR_DEFINITIONS = (
					"DEBUG=1",
					"$(inherited)",
				);
				GCC_WARN_64_TO_32_BIT_CONVERSION = YES;
				GCC_WARN_ABOUT_RETURN_TYPE = YES_ERROR;
				GCC_WARN_UNDECLARED_SELECTOR = YES;
				GCC_WARN_UNINITIALIZED_AUTOS = YES_AGGRESSIVE;
				GCC_WARN_UNUSED_FUNCTION = YES;
				GCC_WARN_UNUSED_VARIABLE = YES;
				IPHONEOS_DEPLOYMENT_TARGET = 15.5;
				MTL_ENABLE_DEBUG_INFO = INCLUDE_SOURCE;
				MTL_FAST_MATH = YES;
				ONLY_ACTIVE_ARCH = YES;
				SDKROOT = iphoneos;
				SWIFT_ACTIVE_COMPILATION_CONDITIONS = DEBUG;
				SWIFT_OPTIMIZATION_LEVEL = "-Onone";
			};
			name = Debug;
		};
		F609C80A29047B3D00CF4E0A /* Release */ = {
			isa = XCBuildConfiguration;
			buildSettings = {
				ALWAYS_SEARCH_USER_PATHS = NO;
				CLANG_ANALYZER_NONNULL = YES;
				CLANG_ANALYZER_NUMBER_OBJECT_CONVERSION = YES_AGGRESSIVE;
				CLANG_CXX_LANGUAGE_STANDARD = "gnu++17";
				CLANG_ENABLE_MODULES = YES;
				CLANG_ENABLE_OBJC_ARC = YES;
				CLANG_ENABLE_OBJC_WEAK = YES;
				CLANG_WARN_BLOCK_CAPTURE_AUTORELEASING = YES;
				CLANG_WARN_BOOL_CONVERSION = YES;
				CLANG_WARN_COMMA = YES;
				CLANG_WARN_CONSTANT_CONVERSION = YES;
				CLANG_WARN_DEPRECATED_OBJC_IMPLEMENTATIONS = YES;
				CLANG_WARN_DIRECT_OBJC_ISA_USAGE = YES_ERROR;
				CLANG_WARN_DOCUMENTATION_COMMENTS = YES;
				CLANG_WARN_EMPTY_BODY = YES;
				CLANG_WARN_ENUM_CONVERSION = YES;
				CLANG_WARN_INFINITE_RECURSION = YES;
				CLANG_WARN_INT_CONVERSION = YES;
				CLANG_WARN_NON_LITERAL_NULL_CONVERSION = YES;
				CLANG_WARN_OBJC_IMPLICIT_RETAIN_SELF = YES;
				CLANG_WARN_OBJC_LITERAL_CONVERSION = YES;
				CLANG_WARN_OBJC_ROOT_CLASS = YES_ERROR;
				CLANG_WARN_QUOTED_INCLUDE_IN_FRAMEWORK_HEADER = YES;
				CLANG_WARN_RANGE_LOOP_ANALYSIS = YES;
				CLANG_WARN_STRICT_PROTOTYPES = YES;
				CLANG_WARN_SUSPICIOUS_MOVE = YES;
				CLANG_WARN_UNGUARDED_AVAILABILITY = YES_AGGRESSIVE;
				CLANG_WARN_UNREACHABLE_CODE = YES;
				CLANG_WARN__DUPLICATE_METHOD_MATCH = YES;
				COPY_PHASE_STRIP = NO;
				DEBUG_INFORMATION_FORMAT = "dwarf-with-dsym";
				ENABLE_NS_ASSERTIONS = NO;
				ENABLE_STRICT_OBJC_MSGSEND = YES;
				GCC_C_LANGUAGE_STANDARD = gnu11;
				GCC_NO_COMMON_BLOCKS = YES;
				GCC_WARN_64_TO_32_BIT_CONVERSION = YES;
				GCC_WARN_ABOUT_RETURN_TYPE = YES_ERROR;
				GCC_WARN_UNDECLARED_SELECTOR = YES;
				GCC_WARN_UNINITIALIZED_AUTOS = YES_AGGRESSIVE;
				GCC_WARN_UNUSED_FUNCTION = YES;
				GCC_WARN_UNUSED_VARIABLE = YES;
				IPHONEOS_DEPLOYMENT_TARGET = 15.5;
				MTL_ENABLE_DEBUG_INFO = NO;
				MTL_FAST_MATH = YES;
				SDKROOT = iphoneos;
				SWIFT_COMPILATION_MODE = wholemodule;
				SWIFT_OPTIMIZATION_LEVEL = "-O";
				VALIDATE_PRODUCT = YES;
			};
			name = Release;
		};
		F609C80C29047B3D00CF4E0A /* Debug */ = {
			isa = XCBuildConfiguration;
			buildSettings = {
				ASSETCATALOG_COMPILER_APPICON_NAME = AppIcon;
				ASSETCATALOG_COMPILER_GLOBAL_ACCENT_COLOR_NAME = AccentColor;
				CODE_SIGN_STYLE = Automatic;
				CURRENT_PROJECT_VERSION = 1;
				DEVELOPMENT_ASSET_PATHS = "\"Connect2Vote/Preview Content\"";
				ENABLE_PREVIEWS = YES;
				GENERATE_INFOPLIST_FILE = YES;
				INFOPLIST_KEY_UIApplicationSceneManifest_Generation = YES;
				INFOPLIST_KEY_UIApplicationSupportsIndirectInputEvents = YES;
				INFOPLIST_KEY_UILaunchScreen_Generation = YES;
				INFOPLIST_KEY_UISupportedInterfaceOrientations_iPad = "UIInterfaceOrientationPortrait UIInterfaceOrientationPortraitUpsideDown UIInterfaceOrientationLandscapeLeft UIInterfaceOrientationLandscapeRight";
				INFOPLIST_KEY_UISupportedInterfaceOrientations_iPhone = "UIInterfaceOrientationPortrait UIInterfaceOrientationLandscapeLeft UIInterfaceOrientationLandscapeRight";
				LD_RUNPATH_SEARCH_PATHS = (
					"$(inherited)",
					"@executable_path/Frameworks",
				);
				MARKETING_VERSION = 1.0;
				PRODUCT_BUNDLE_IDENTIFIER = com.company.app.Connect2Vote;
				PRODUCT_NAME = "$(TARGET_NAME)";
				SWIFT_EMIT_LOC_STRINGS = YES;
				SWIFT_VERSION = 5.0;
				TARGETED_DEVICE_FAMILY = "1,2";
			};
			name = Debug;
		};
		F609C80D29047B3D00CF4E0A /* Release */ = {
			isa = XCBuildConfiguration;
			buildSettings = {
				ASSETCATALOG_COMPILER_APPICON_NAME = AppIcon;
				ASSETCATALOG_COMPILER_GLOBAL_ACCENT_COLOR_NAME = AccentColor;
				CODE_SIGN_STYLE = Automatic;
				CURRENT_PROJECT_VERSION = 1;
				DEVELOPMENT_ASSET_PATHS = "\"Connect2Vote/Preview Content\"";
				ENABLE_PREVIEWS = YES;
				GENERATE_INFOPLIST_FILE = YES;
				INFOPLIST_KEY_UIApplicationSceneManifest_Generation = YES;
				INFOPLIST_KEY_UIApplicationSupportsIndirectInputEvents = YES;
				INFOPLIST_KEY_UILaunchScreen_Generation = YES;
				INFOPLIST_KEY_UISupportedInterfaceOrientations_iPad = "UIInterfaceOrientationPortrait UIInterfaceOrientationPortraitUpsideDown UIInterfaceOrientationLandscapeLeft UIInterfaceOrientationLandscapeRight";
				INFOPLIST_KEY_UISupportedInterfaceOrientations_iPhone = "UIInterfaceOrientationPortrait UIInterfaceOrientationLandscapeLeft UIInterfaceOrientationLandscapeRight";
				LD_RUNPATH_SEARCH_PATHS = (
					"$(inherited)",
					"@executable_path/Frameworks",
				);
				MARKETING_VERSION = 1.0;
				PRODUCT_BUNDLE_IDENTIFIER = com.company.app.Connect2Vote;
				PRODUCT_NAME = "$(TARGET_NAME)";
				SWIFT_EMIT_LOC_STRINGS = YES;
				SWIFT_VERSION = 5.0;
				TARGETED_DEVICE_FAMILY = "1,2";
			};
			name = Release;
		};
/* End XCBuildConfiguration section */

/* Begin XCConfigurationList section */
		F609C7F829047B3A00CF4E0A /* Build configuration list for PBXProject "Connect2Vote" */ = {
			isa = XCConfigurationList;
			buildConfigurations = (
				F609C80929047B3D00CF4E0A /* Debug */,
				F609C80A29047B3D00CF4E0A /* Release */,
			);
			defaultConfigurationIsVisible = 0;
			defaultConfigurationName = Release;
		};
		F609C80B29047B3D00CF4E0A /* Build configuration list for PBXNativeTarget "Connect2Vote" */ = {
			isa = XCConfigurationList;
			buildConfigurations = (
				F609C80C29047B3D00CF4E0A /* Debug */,
				F609C80D29047B3D00CF4E0A /* Release */,
			);
			defaultConfigurationIsVisible = 0;
			defaultConfigurationName = Release;
		};
/* End XCConfigurationList section */

/* Begin XCRemoteSwiftPackageReference section */
		D9C6B3902904D2B900133CF2 /* XCRemoteSwiftPackageReference "GoogleSignIn-iOS" */ = {
			isa = XCRemoteSwiftPackageReference;
			repositoryURL = "https://github.com/google/GoogleSignIn-iOS";
			requirement = {
				branch = main;
				kind = branch;
			};
		};
		F609C8102904817E00CF4E0A /* XCRemoteSwiftPackageReference "firebase-ios-sdk" */ = {
			isa = XCRemoteSwiftPackageReference;
			repositoryURL = "https://github.com/firebase/firebase-ios-sdk";
			requirement = {
				kind = upToNextMajorVersion;
				minimumVersion = 9.0.0;
			};
		};
/* End XCRemoteSwiftPackageReference section */

/* Begin XCSwiftPackageProductDependency section */
		D9C6B3912904D2B900133CF2 /* GoogleSignIn */ = {
			isa = XCSwiftPackageProductDependency;
			package = D9C6B3902904D2B900133CF2 /* XCRemoteSwiftPackageReference "GoogleSignIn-iOS" */;
			productName = GoogleSignIn;
		};
		D9C6B3932904D2B900133CF2 /* GoogleSignInSwift */ = {
			isa = XCSwiftPackageProductDependency;
			package = D9C6B3902904D2B900133CF2 /* XCRemoteSwiftPackageReference "GoogleSignIn-iOS" */;
			productName = GoogleSignInSwift;
		};
		F609C8112904817F00CF4E0A /* FirebaseAnalytics */ = {
			isa = XCSwiftPackageProductDependency;
			package = F609C8102904817E00CF4E0A /* XCRemoteSwiftPackageReference "firebase-ios-sdk" */;
			productName = FirebaseAnalytics;
		};
		F609C8132904817F00CF4E0A /* FirebaseAnalyticsSwift */ = {
			isa = XCSwiftPackageProductDependency;
			package = F609C8102904817E00CF4E0A /* XCRemoteSwiftPackageReference "firebase-ios-sdk" */;
			productName = FirebaseAnalyticsSwift;
		};
		F609C8152904817F00CF4E0A /* FirebaseAuth */ = {
			isa = XCSwiftPackageProductDependency;
			package = F609C8102904817E00CF4E0A /* XCRemoteSwiftPackageReference "firebase-ios-sdk" */;
			productName = FirebaseAuth;
		};
		F609C8172904817F00CF4E0A /* FirebaseAuthCombine-Community */ = {
			isa = XCSwiftPackageProductDependency;
			package = F609C8102904817E00CF4E0A /* XCRemoteSwiftPackageReference "firebase-ios-sdk" */;
			productName = "FirebaseAuthCombine-Community";
		};
		F609C8192904817F00CF4E0A /* FirebaseFirestore */ = {
			isa = XCSwiftPackageProductDependency;
			package = F609C8102904817E00CF4E0A /* XCRemoteSwiftPackageReference "firebase-ios-sdk" */;
			productName = FirebaseFirestore;
		};
/* End XCSwiftPackageProductDependency section */
	};
	rootObject = F609C7F529047B3A00CF4E0A /* Project object */;
}
